
Microsoft Visual Studio Solution File, Format Version 11.00
# Visual C++ Express 2010
Project("{8BC9CEB8-8B4A-11D0-8D11-00A0C91BC942}") = "BreakOut", "BreakOut.vcxproj", "{DA83E80D-C683-4BEE-9E81-627579B73011}"
EndProject
Global
	GlobalSection(SolutionConfigurationPlatforms) = preSolution
		Debug|Win32 = Debug|Win32
		Release|Win32 = Release|Win32
	EndGlobalSection
	GlobalSection(ProjectConfigurationPlatforms) = postSolution
		{DA83E80D-C683-4BEE-9E81-627579B73011}.Debug|Win32.ActiveCfg = Debug|Win32
		{DA83E80D-C683-4BEE-9E81-627579B73011}.Debug|Win32.Build.0 = Debug|Win32
		{DA83E80D-C683-4BEE-9E81-627579B73011}.Release|Win32.ActiveCfg = Release|Win32
		{DA83E80D-C683-4BEE-9E81-627579B73011}.Release|Win32.Build.0 = Release|Win32
	EndGlobalSection
	GlobalSection(SolutionProperties) = preSolution
		HideSolutionNode = FALSE
	EndGlobalSection
EndGlobal
